// !$*UTF8*$!
{
	archiveVersion = 1;
	classes = {
	};
	objectVersion = 56;
	objects = {

/* Begin PBXBuildFile section */
		C9107C3D2C0A012900088616 /* EditProfileView.swift in Sources */ = {isa = PBXBuildFile; fileRef = C9107C3C2C0A012900088616 /* EditProfileView.swift */; };
		C9107C3F2C0A97AB00088616 /* GoogleService-Info.plist in Resources */ = {isa = PBXBuildFile; fileRef = C9107C3E2C0A97AB00088616 /* GoogleService-Info.plist */; };
		C9107C422C0A9A1600088616 /* FirebaseAuth in Frameworks */ = {isa = PBXBuildFile; productRef = C9107C412C0A9A1600088616 /* FirebaseAuth */; };
		C9107C442C0A9A1600088616 /* FirebaseFirestore in Frameworks */ = {isa = PBXBuildFile; productRef = C9107C432C0A9A1600088616 /* FirebaseFirestore */; };
		C9107C462C0A9A1600088616 /* FirebaseFirestoreSwift in Frameworks */ = {isa = PBXBuildFile; productRef = C9107C452C0A9A1600088616 /* FirebaseFirestoreSwift */; };
		C9107C482C0A9A1600088616 /* FirebaseStorage in Frameworks */ = {isa = PBXBuildFile; productRef = C9107C472C0A9A1600088616 /* FirebaseStorage */; };
		C93A017D2C05F9A900FDBC65 /* ThreadsCloneApp.swift in Sources */ = {isa = PBXBuildFile; fileRef = C93A017C2C05F9A900FDBC65 /* ThreadsCloneApp.swift */; };
		C93A017F2C05F9A900FDBC65 /* ContentView.swift in Sources */ = {isa = PBXBuildFile; fileRef = C93A017E2C05F9A900FDBC65 /* ContentView.swift */; };
		C93A01812C05F9AB00FDBC65 /* Assets.xcassets in Resources */ = {isa = PBXBuildFile; fileRef = C93A01802C05F9AB00FDBC65 /* Assets.xcassets */; };
		C93A01842C05F9AB00FDBC65 /* Preview Assets.xcassets in Resources */ = {isa = PBXBuildFile; fileRef = C93A01832C05F9AB00FDBC65 /* Preview Assets.xcassets */; };
		C93A018E2C05F9AB00FDBC65 /* ThreadsCloneTests.swift in Sources */ = {isa = PBXBuildFile; fileRef = C93A018D2C05F9AB00FDBC65 /* ThreadsCloneTests.swift */; };
		C93A01982C05F9AB00FDBC65 /* ThreadsCloneUITests.swift in Sources */ = {isa = PBXBuildFile; fileRef = C93A01972C05F9AB00FDBC65 /* ThreadsCloneUITests.swift */; };
		C93A019A2C05F9AB00FDBC65 /* ThreadsCloneUITestsLaunchTests.swift in Sources */ = {isa = PBXBuildFile; fileRef = C93A01992C05F9AB00FDBC65 /* ThreadsCloneUITestsLaunchTests.swift */; };
		C93A01B02C05FD8F00FDBC65 /* LoginView.swift in Sources */ = {isa = PBXBuildFile; fileRef = C93A01AF2C05FD8F00FDBC65 /* LoginView.swift */; };
		C93A01B42C06094C00FDBC65 /* RegistrationView.swift in Sources */ = {isa = PBXBuildFile; fileRef = C93A01B32C06094C00FDBC65 /* RegistrationView.swift */; };
		C93A01B82C060C5200FDBC65 /* ThreadsTextViewModifier.swift in Sources */ = {isa = PBXBuildFile; fileRef = C93A01B72C060C5200FDBC65 /* ThreadsTextViewModifier.swift */; };
		C93A01BF2C06260F00FDBC65 /* ThreadTabView.swift in Sources */ = {isa = PBXBuildFile; fileRef = C93A01BE2C06260F00FDBC65 /* ThreadTabView.swift */; };
		C93A01C42C062C9700FDBC65 /* FeedView.swift in Sources */ = {isa = PBXBuildFile; fileRef = C93A01C32C062C9700FDBC65 /* FeedView.swift */; };
		C93A01C82C062D5A00FDBC65 /* ExploreView.swift in Sources */ = {isa = PBXBuildFile; fileRef = C93A01C72C062D5A00FDBC65 /* ExploreView.swift */; };
		C93A01D22C062EAF00FDBC65 /* ProfileView.swift in Sources */ = {isa = PBXBuildFile; fileRef = C93A01D12C062EAF00FDBC65 /* ProfileView.swift */; };
		C93A01D42C062ED600FDBC65 /* ThreadCreationView.swift in Sources */ = {isa = PBXBuildFile; fileRef = C93A01D32C062ED600FDBC65 /* ThreadCreationView.swift */; };
		C93A01D82C062F1700FDBC65 /* ActivityView.swift in Sources */ = {isa = PBXBuildFile; fileRef = C93A01D72C062F1700FDBC65 /* ActivityView.swift */; };
		C93A01DA2C06C19E00FDBC65 /* ThreadCell.swift in Sources */ = {isa = PBXBuildFile; fileRef = C93A01D92C06C19E00FDBC65 /* ThreadCell.swift */; };
		C93A01DE2C06DD2F00FDBC65 /* CircularProfileImageView.swift in Sources */ = {isa = PBXBuildFile; fileRef = C93A01DD2C06DD2F00FDBC65 /* CircularProfileImageView.swift */; };
		C93A01E02C06DDDA00FDBC65 /* UserCell.swift in Sources */ = {isa = PBXBuildFile; fileRef = C93A01DF2C06DDDA00FDBC65 /* UserCell.swift */; };
		C99648402C09F1C8008F8809 /* ProfileThreadFilter.swift in Sources */ = {isa = PBXBuildFile; fileRef = C996483F2C09F1C8008F8809 /* ProfileThreadFilter.swift */; };
/* End PBXBuildFile section */

/* Begin PBXContainerItemProxy section */
		C93A018A2C05F9AB00FDBC65 /* PBXContainerItemProxy */ = {
			isa = PBXContainerItemProxy;
			containerPortal = C93A01712C05F9A900FDBC65 /* Project object */;
			proxyType = 1;
			remoteGlobalIDString = C93A01782C05F9A900FDBC65;
			remoteInfo = ThreadsClone;
		};
		C93A01942C05F9AB00FDBC65 /* PBXContainerItemProxy */ = {
			isa = PBXContainerItemProxy;
			containerPortal = C93A01712C05F9A900FDBC65 /* Project object */;
			proxyType = 1;
			remoteGlobalIDString = C93A01782C05F9A900FDBC65;
			remoteInfo = ThreadsClone;
		};
/* End PBXContainerItemProxy section */

/* Begin PBXFileReference section */
		C9107C3C2C0A012900088616 /* EditProfileView.swift */ = {isa = PBXFileReference; lastKnownFileType = sourcecode.swift; path = EditProfileView.swift; sourceTree = "<group>"; };
		C9107C3E2C0A97AB00088616 /* GoogleService-Info.plist */ = {isa = PBXFileReference; fileEncoding = 4; lastKnownFileType = text.plist.xml; path = "GoogleService-Info.plist"; sourceTree = "<group>"; };
		C93A01792C05F9A900FDBC65 /* ThreadsClone.app */ = {isa = PBXFileReference; explicitFileType = wrapper.application; includeInIndex = 0; path = ThreadsClone.app; sourceTree = BUILT_PRODUCTS_DIR; };
		C93A017C2C05F9A900FDBC65 /* ThreadsCloneApp.swift */ = {isa = PBXFileReference; lastKnownFileType = sourcecode.swift; path = ThreadsCloneApp.swift; sourceTree = "<group>"; };
		C93A017E2C05F9A900FDBC65 /* ContentView.swift */ = {isa = PBXFileReference; lastKnownFileType = sourcecode.swift; path = ContentView.swift; sourceTree = "<group>"; };
		C93A01802C05F9AB00FDBC65 /* Assets.xcassets */ = {isa = PBXFileReference; lastKnownFileType = folder.assetcatalog; path = Assets.xcassets; sourceTree = "<group>"; };
		C93A01832C05F9AB00FDBC65 /* Preview Assets.xcassets */ = {isa = PBXFileReference; lastKnownFileType = folder.assetcatalog; path = "Preview Assets.xcassets"; sourceTree = "<group>"; };
		C93A01892C05F9AB00FDBC65 /* ThreadsCloneTests.xctest */ = {isa = PBXFileReference; explicitFileType = wrapper.cfbundle; includeInIndex = 0; path = ThreadsCloneTests.xctest; sourceTree = BUILT_PRODUCTS_DIR; };
		C93A018D2C05F9AB00FDBC65 /* ThreadsCloneTests.swift */ = {isa = PBXFileReference; lastKnownFileType = sourcecode.swift; path = ThreadsCloneTests.swift; sourceTree = "<group>"; };
		C93A01932C05F9AB00FDBC65 /* ThreadsCloneUITests.xctest */ = {isa = PBXFileReference; explicitFileType = wrapper.cfbundle; includeInIndex = 0; path = ThreadsCloneUITests.xctest; sourceTree = BUILT_PRODUCTS_DIR; };
		C93A01972C05F9AB00FDBC65 /* ThreadsCloneUITests.swift */ = {isa = PBXFileReference; lastKnownFileType = sourcecode.swift; path = ThreadsCloneUITests.swift; sourceTree = "<group>"; };
		C93A01992C05F9AB00FDBC65 /* ThreadsCloneUITestsLaunchTests.swift */ = {isa = PBXFileReference; lastKnownFileType = sourcecode.swift; path = ThreadsCloneUITestsLaunchTests.swift; sourceTree = "<group>"; };
		C93A01AF2C05FD8F00FDBC65 /* LoginView.swift */ = {isa = PBXFileReference; lastKnownFileType = sourcecode.swift; path = LoginView.swift; sourceTree = "<group>"; };
		C93A01B32C06094C00FDBC65 /* RegistrationView.swift */ = {isa = PBXFileReference; lastKnownFileType = sourcecode.swift; path = RegistrationView.swift; sourceTree = "<group>"; };
		C93A01B72C060C5200FDBC65 /* ThreadsTextViewModifier.swift */ = {isa = PBXFileReference; lastKnownFileType = sourcecode.swift; path = ThreadsTextViewModifier.swift; sourceTree = "<group>"; };
		C93A01BE2C06260F00FDBC65 /* ThreadTabView.swift */ = {isa = PBXFileReference; lastKnownFileType = sourcecode.swift; path = ThreadTabView.swift; sourceTree = "<group>"; };
		C93A01C32C062C9700FDBC65 /* FeedView.swift */ = {isa = PBXFileReference; lastKnownFileType = sourcecode.swift; path = FeedView.swift; sourceTree = "<group>"; };
		C93A01C72C062D5A00FDBC65 /* ExploreView.swift */ = {isa = PBXFileReference; lastKnownFileType = sourcecode.swift; path = ExploreView.swift; sourceTree = "<group>"; };
		C93A01D12C062EAF00FDBC65 /* ProfileView.swift */ = {isa = PBXFileReference; lastKnownFileType = sourcecode.swift; path = ProfileView.swift; sourceTree = "<group>"; };
		C93A01D32C062ED600FDBC65 /* ThreadCreationView.swift */ = {isa = PBXFileReference; lastKnownFileType = sourcecode.swift; path = ThreadCreationView.swift; sourceTree = "<group>"; };
		C93A01D72C062F1700FDBC65 /* ActivityView.swift */ = {isa = PBXFileReference; lastKnownFileType = sourcecode.swift; path = ActivityView.swift; sourceTree = "<group>"; };
		C93A01D92C06C19E00FDBC65 /* ThreadCell.swift */ = {isa = PBXFileReference; lastKnownFileType = sourcecode.swift; path = ThreadCell.swift; sourceTree = "<group>"; };
		C93A01DD2C06DD2F00FDBC65 /* CircularProfileImageView.swift */ = {isa = PBXFileReference; lastKnownFileType = sourcecode.swift; path = CircularProfileImageView.swift; sourceTree = "<group>"; };
		C93A01DF2C06DDDA00FDBC65 /* UserCell.swift */ = {isa = PBXFileReference; lastKnownFileType = sourcecode.swift; path = UserCell.swift; sourceTree = "<group>"; };
		C996483F2C09F1C8008F8809 /* ProfileThreadFilter.swift */ = {isa = PBXFileReference; lastKnownFileType = sourcecode.swift; path = ProfileThreadFilter.swift; sourceTree = "<group>"; };
/* End PBXFileReference section */

/* Begin PBXFrameworksBuildPhase section */
		C93A01762C05F9A900FDBC65 /* Frameworks */ = {
			isa = PBXFrameworksBuildPhase;
			buildActionMask = 2147483647;
			files = (
				C9107C422C0A9A1600088616 /* FirebaseAuth in Frameworks */,
				C9107C482C0A9A1600088616 /* FirebaseStorage in Frameworks */,
				C9107C442C0A9A1600088616 /* FirebaseFirestore in Frameworks */,
				C9107C462C0A9A1600088616 /* FirebaseFirestoreSwift in Frameworks */,
			);
			runOnlyForDeploymentPostprocessing = 0;
		};
		C93A01862C05F9AB00FDBC65 /* Frameworks */ = {
			isa = PBXFrameworksBuildPhase;
			buildActionMask = 2147483647;
			files = (
			);
			runOnlyForDeploymentPostprocessing = 0;
		};
		C93A01902C05F9AB00FDBC65 /* Frameworks */ = {
			isa = PBXFrameworksBuildPhase;
			buildActionMask = 2147483647;
			files = (
			);
			runOnlyForDeploymentPostprocessing = 0;
		};
/* End PBXFrameworksBuildPhase section */

/* Begin PBXGroup section */
		C9107C3A2C0A010700088616 /* EditProfile */ = {
			isa = PBXGroup;
			children = (
				C9107C3B2C0A011800088616 /* View */,
			);
			path = EditProfile;
			sourceTree = "<group>";
		};
		C9107C3B2C0A011800088616 /* View */ = {
			isa = PBXGroup;
			children = (
				C9107C3C2C0A012900088616 /* EditProfileView.swift */,
			);
			path = View;
			sourceTree = "<group>";
		};
		C93A01702C05F9A900FDBC65 = {
			isa = PBXGroup;
			children = (
				C93A017B2C05F9A900FDBC65 /* ThreadsClone */,
				C93A018C2C05F9AB00FDBC65 /* ThreadsCloneTests */,
				C93A01962C05F9AB00FDBC65 /* ThreadsCloneUITests */,
				C93A017A2C05F9A900FDBC65 /* Products */,
			);
			sourceTree = "<group>";
		};
		C93A017A2C05F9A900FDBC65 /* Products */ = {
			isa = PBXGroup;
			children = (
				C93A01792C05F9A900FDBC65 /* ThreadsClone.app */,
				C93A01892C05F9AB00FDBC65 /* ThreadsCloneTests.xctest */,
				C93A01932C05F9AB00FDBC65 /* ThreadsCloneUITests.xctest */,
			);
			name = Products;
			sourceTree = "<group>";
		};
		C93A017B2C05F9A900FDBC65 /* ThreadsClone */ = {
			isa = PBXGroup;
			children = (
				C93A01A62C05FA2100FDBC65 /* App */,
				C93A01A72C05FA2C00FDBC65 /* Core */,
				C93A01A92C05FA4200FDBC65 /* Extensions */,
				C93A01A82C05FA3A00FDBC65 /* Model */,
				C93A01822C05F9AB00FDBC65 /* Preview Content */,
				C93A01AA2C05FA4F00FDBC65 /* Services */,
				C93A01AB2C05FA5B00FDBC65 /* Utils */,
				C9107C3E2C0A97AB00088616 /* GoogleService-Info.plist */,
				C93A01802C05F9AB00FDBC65 /* Assets.xcassets */,
			);
			path = ThreadsClone;
			sourceTree = "<group>";
		};
		C93A01822C05F9AB00FDBC65 /* Preview Content */ = {
			isa = PBXGroup;
			children = (
				C93A01832C05F9AB00FDBC65 /* Preview Assets.xcassets */,
			);
			path = "Preview Content";
			sourceTree = "<group>";
		};
		C93A018C2C05F9AB00FDBC65 /* ThreadsCloneTests */ = {
			isa = PBXGroup;
			children = (
				C93A018D2C05F9AB00FDBC65 /* ThreadsCloneTests.swift */,
			);
			path = ThreadsCloneTests;
			sourceTree = "<group>";
		};
		C93A01962C05F9AB00FDBC65 /* ThreadsCloneUITests */ = {
			isa = PBXGroup;
			children = (
				C93A01972C05F9AB00FDBC65 /* ThreadsCloneUITests.swift */,
				C93A01992C05F9AB00FDBC65 /* ThreadsCloneUITestsLaunchTests.swift */,
			);
			path = ThreadsCloneUITests;
			sourceTree = "<group>";
		};
		C93A01A62C05FA2100FDBC65 /* App */ = {
			isa = PBXGroup;
			children = (
				C93A017C2C05F9A900FDBC65 /* ThreadsCloneApp.swift */,
			);
			path = App;
			sourceTree = "<group>";
		};
		C93A01A72C05FA2C00FDBC65 /* Core */ = {
			isa = PBXGroup;
			children = (
				C93A01D52C062EF400FDBC65 /* Activity */,
				C93A01AC2C05FD1E00FDBC65 /* Autentication */,
				C93A01DB2C06D91000FDBC65 /* Components */,
				C93A01C52C062D3500FDBC65 /* Explore */,
				C93A01C12C062C7400FDBC65 /* Feed */,
				C93A01CD2C062E1E00FDBC65 /* Profile */,
				C93A01AD2C05FD2E00FDBC65 /* Root */,
				C93A01BD2C0625CF00FDBC65 /* TabBar */,
				C93A01C92C062DDF00FDBC65 /* ThreadCreation */,
			);
			path = Core;
			sourceTree = "<group>";
		};
		C93A01A82C05FA3A00FDBC65 /* Model */ = {
			isa = PBXGroup;
			children = (
			);
			path = Model;
			sourceTree = "<group>";
		};
		C93A01A92C05FA4200FDBC65 /* Extensions */ = {
			isa = PBXGroup;
			children = (
			);
			path = Extensions;
			sourceTree = "<group>";
		};
		C93A01AA2C05FA4F00FDBC65 /* Services */ = {
			isa = PBXGroup;
			children = (
			);
			path = Services;
			sourceTree = "<group>";
		};
		C93A01AB2C05FA5B00FDBC65 /* Utils */ = {
			isa = PBXGroup;
			children = (
				C93A01B62C060C3200FDBC65 /* ViewModifier */,
			);
			path = Utils;
			sourceTree = "<group>";
		};
		C93A01AC2C05FD1E00FDBC65 /* Autentication */ = {
			isa = PBXGroup;
			children = (
				C93A01AE2C05FD6700FDBC65 /* View */,
			);
			path = Autentication;
			sourceTree = "<group>";
		};
		C93A01AD2C05FD2E00FDBC65 /* Root */ = {
			isa = PBXGroup;
			children = (
				C93A017E2C05F9A900FDBC65 /* ContentView.swift */,
			);
			path = Root;
			sourceTree = "<group>";
		};
		C93A01AE2C05FD6700FDBC65 /* View */ = {
			isa = PBXGroup;
			children = (
				C93A01AF2C05FD8F00FDBC65 /* LoginView.swift */,
				C93A01B32C06094C00FDBC65 /* RegistrationView.swift */,
			);
			path = View;
			sourceTree = "<group>";
		};
		C93A01B62C060C3200FDBC65 /* ViewModifier */ = {
			isa = PBXGroup;
			children = (
				C93A01B72C060C5200FDBC65 /* ThreadsTextViewModifier.swift */,
			);
			path = ViewModifier;
			sourceTree = "<group>";
		};
		C93A01BD2C0625CF00FDBC65 /* TabBar */ = {
			isa = PBXGroup;
			children = (
				C93A01BE2C06260F00FDBC65 /* ThreadTabView.swift */,
			);
			path = TabBar;
			sourceTree = "<group>";
		};
		C93A01C12C062C7400FDBC65 /* Feed */ = {
			isa = PBXGroup;
			children = (
				C93A01C22C062C7900FDBC65 /* View */,
			);
			path = Feed;
			sourceTree = "<group>";
		};
		C93A01C22C062C7900FDBC65 /* View */ = {
			isa = PBXGroup;
			children = (
				C93A01C32C062C9700FDBC65 /* FeedView.swift */,
				C93A01D92C06C19E00FDBC65 /* ThreadCell.swift */,
			);
			path = View;
			sourceTree = "<group>";
		};
		C93A01C52C062D3500FDBC65 /* Explore */ = {
			isa = PBXGroup;
			children = (
				C93A01C62C062D4100FDBC65 /* View */,
			);
			path = Explore;
			sourceTree = "<group>";
		};
		C93A01C62C062D4100FDBC65 /* View */ = {
			isa = PBXGroup;
			children = (
				C93A01C72C062D5A00FDBC65 /* ExploreView.swift */,
			);
			path = View;
			sourceTree = "<group>";
		};
		C93A01C92C062DDF00FDBC65 /* ThreadCreation */ = {
			isa = PBXGroup;
			children = (
				C93A01CA2C062DF200FDBC65 /* View */,
			);
			path = ThreadCreation;
			sourceTree = "<group>";
		};
		C93A01CA2C062DF200FDBC65 /* View */ = {
			isa = PBXGroup;
			children = (
				C93A01D32C062ED600FDBC65 /* ThreadCreationView.swift */,
			);
			path = View;
			sourceTree = "<group>";
		};
		C93A01CD2C062E1E00FDBC65 /* Profile */ = {
			isa = PBXGroup;
			children = (
				C9107C3A2C0A010700088616 /* EditProfile */,
				C996483E2C09F1A9008F8809 /* Modal */,
				C93A01CE2C062E2B00FDBC65 /* View */,
			);
			path = Profile;
			sourceTree = "<group>";
		};
		C93A01CE2C062E2B00FDBC65 /* View */ = {
			isa = PBXGroup;
			children = (
				C93A01D12C062EAF00FDBC65 /* ProfileView.swift */,
			);
			path = View;
			sourceTree = "<group>";
		};
		C93A01D52C062EF400FDBC65 /* Activity */ = {
			isa = PBXGroup;
			children = (
				C93A01D62C062F0700FDBC65 /* View */,
			);
			path = Activity;
			sourceTree = "<group>";
		};
		C93A01D62C062F0700FDBC65 /* View */ = {
			isa = PBXGroup;
			children = (
				C93A01D72C062F1700FDBC65 /* ActivityView.swift */,
			);
			path = View;
			sourceTree = "<group>";
		};
		C93A01DB2C06D91000FDBC65 /* Components */ = {
			isa = PBXGroup;
			children = (
				C93A01DD2C06DD2F00FDBC65 /* CircularProfileImageView.swift */,
				C93A01DF2C06DDDA00FDBC65 /* UserCell.swift */,
			);
			path = Components;
			sourceTree = "<group>";
		};
		C996483E2C09F1A9008F8809 /* Modal */ = {
			isa = PBXGroup;
			children = (
				C996483F2C09F1C8008F8809 /* ProfileThreadFilter.swift */,
			);
			path = Modal;
			sourceTree = "<group>";
		};
/* End PBXGroup section */

/* Begin PBXNativeTarget section */
		C93A01782C05F9A900FDBC65 /* ThreadsClone */ = {
			isa = PBXNativeTarget;
			buildConfigurationList = C93A019D2C05F9AB00FDBC65 /* Build configuration list for PBXNativeTarget "ThreadsClone" */;
			buildPhases = (
				C93A01752C05F9A900FDBC65 /* Sources */,
				C93A01762C05F9A900FDBC65 /* Frameworks */,
				C93A01772C05F9A900FDBC65 /* Resources */,
			);
			buildRules = (
			);
			dependencies = (
			);
			name = ThreadsClone;
			packageProductDependencies = (
				C9107C412C0A9A1600088616 /* FirebaseAuth */,
				C9107C432C0A9A1600088616 /* FirebaseFirestore */,
				C9107C452C0A9A1600088616 /* FirebaseFirestoreSwift */,
				C9107C472C0A9A1600088616 /* FirebaseStorage */,
			);
			productName = ThreadsClone;
			productReference = C93A01792C05F9A900FDBC65 /* ThreadsClone.app */;
			productType = "com.apple.product-type.application";
		};
		C93A01882C05F9AB00FDBC65 /* ThreadsCloneTests */ = {
			isa = PBXNativeTarget;
			buildConfigurationList = C93A01A02C05F9AB00FDBC65 /* Build configuration list for PBXNativeTarget "ThreadsCloneTests" */;
			buildPhases = (
				C93A01852C05F9AB00FDBC65 /* Sources */,
				C93A01862C05F9AB00FDBC65 /* Frameworks */,
				C93A01872C05F9AB00FDBC65 /* Resources */,
			);
			buildRules = (
			);
			dependencies = (
				C93A018B2C05F9AB00FDBC65 /* PBXTargetDependency */,
			);
			name = ThreadsCloneTests;
			productName = ThreadsCloneTests;
			productReference = C93A01892C05F9AB00FDBC65 /* ThreadsCloneTests.xctest */;
			productType = "com.apple.product-type.bundle.unit-test";
		};
		C93A01922C05F9AB00FDBC65 /* ThreadsCloneUITests */ = {
			isa = PBXNativeTarget;
			buildConfigurationList = C93A01A32C05F9AB00FDBC65 /* Build configuration list for PBXNativeTarget "ThreadsCloneUITests" */;
			buildPhases = (
				C93A018F2C05F9AB00FDBC65 /* Sources */,
				C93A01902C05F9AB00FDBC65 /* Frameworks */,
				C93A01912C05F9AB00FDBC65 /* Resources */,
			);
			buildRules = (
			);
			dependencies = (
				C93A01952C05F9AB00FDBC65 /* PBXTargetDependency */,
			);
			name = ThreadsCloneUITests;
			productName = ThreadsCloneUITests;
			productReference = C93A01932C05F9AB00FDBC65 /* ThreadsCloneUITests.xctest */;
			productType = "com.apple.product-type.bundle.ui-testing";
		};
/* End PBXNativeTarget section */

/* Begin PBXProject section */
		C93A01712C05F9A900FDBC65 /* Project object */ = {
			isa = PBXProject;
			attributes = {
				BuildIndependentTargetsInParallel = 1;
				LastSwiftUpdateCheck = 1530;
				LastUpgradeCheck = 1530;
				TargetAttributes = {
					C93A01782C05F9A900FDBC65 = {
						CreatedOnToolsVersion = 15.3;
					};
					C93A01882C05F9AB00FDBC65 = {
						CreatedOnToolsVersion = 15.3;
						TestTargetID = C93A01782C05F9A900FDBC65;
					};
					C93A01922C05F9AB00FDBC65 = {
						CreatedOnToolsVersion = 15.3;
						TestTargetID = C93A01782C05F9A900FDBC65;
					};
				};
			};
			buildConfigurationList = C93A01742C05F9A900FDBC65 /* Build configuration list for PBXProject "ThreadsClone" */;
			compatibilityVersion = "Xcode 14.0";
			developmentRegion = en;
			hasScannedForEncodings = 0;
			knownRegions = (
				en,
				Base,
			);
			mainGroup = C93A01702C05F9A900FDBC65;
			packageReferences = (
				C9107C402C0A9A1600088616 /* XCRemoteSwiftPackageReference "firebase-ios-sdk" */,
			);
			productRefGroup = C93A017A2C05F9A900FDBC65 /* Products */;
			projectDirPath = "";
			projectRoot = "";
			targets = (
				C93A01782C05F9A900FDBC65 /* ThreadsClone */,
				C93A01882C05F9AB00FDBC65 /* ThreadsCloneTests */,
				C93A01922C05F9AB00FDBC65 /* ThreadsCloneUITests */,
			);
		};
/* End PBXProject section */

/* Begin PBXResourcesBuildPhase section */
		C93A01772C05F9A900FDBC65 /* Resources */ = {
			isa = PBXResourcesBuildPhase;
			buildActionMask = 2147483647;
			files = (
				C93A01842C05F9AB00FDBC65 /* Preview Assets.xcassets in Resources */,
				C93A01812C05F9AB00FDBC65 /* Assets.xcassets in Resources */,
				C9107C3F2C0A97AB00088616 /* GoogleService-Info.plist in Resources */,
			);
			runOnlyForDeploymentPostprocessing = 0;
		};
		C93A01872C05F9AB00FDBC65 /* Resources */ = {
			isa = PBXResourcesBuildPhase;
			buildActionMask = 2147483647;
			files = (
			);
			runOnlyForDeploymentPostprocessing = 0;
		};
		C93A01912C05F9AB00FDBC65 /* Resources */ = {
			isa = PBXResourcesBuildPhase;
			buildActionMask = 2147483647;
			files = (
			);
			runOnlyForDeploymentPostprocessing = 0;
		};
/* End PBXResourcesBuildPhase section */

/* Begin PBXSourcesBuildPhase section */
		C93A01752C05F9A900FDBC65 /* Sources */ = {
			isa = PBXSourcesBuildPhase;
			buildActionMask = 2147483647;
			files = (
				C93A01D82C062F1700FDBC65 /* ActivityView.swift in Sources */,
				C93A01C42C062C9700FDBC65 /* FeedView.swift in Sources */,
				C9107C3D2C0A012900088616 /* EditProfileView.swift in Sources */,
				C93A01BF2C06260F00FDBC65 /* ThreadTabView.swift in Sources */,
				C93A01DA2C06C19E00FDBC65 /* ThreadCell.swift in Sources */,
				C93A01D22C062EAF00FDBC65 /* ProfileView.swift in Sources */,
				C93A01DE2C06DD2F00FDBC65 /* CircularProfileImageView.swift in Sources */,
				C93A01E02C06DDDA00FDBC65 /* UserCell.swift in Sources */,
				C93A01B02C05FD8F00FDBC65 /* LoginView.swift in Sources */,
				C99648402C09F1C8008F8809 /* ProfileThreadFilter.swift in Sources */,
				C93A01D42C062ED600FDBC65 /* ThreadCreationView.swift in Sources */,
				C93A017F2C05F9A900FDBC65 /* ContentView.swift in Sources */,
				C93A017D2C05F9A900FDBC65 /* ThreadsCloneApp.swift in Sources */,
				C93A01B82C060C5200FDBC65 /* ThreadsTextViewModifier.swift in Sources */,
				C93A01C82C062D5A00FDBC65 /* ExploreView.swift in Sources */,
				C93A01B42C06094C00FDBC65 /* RegistrationView.swift in Sources */,
			);
			runOnlyForDeploymentPostprocessing = 0;
		};
		C93A01852C05F9AB00FDBC65 /* Sources */ = {
			isa = PBXSourcesBuildPhase;
			buildActionMask = 2147483647;
			files = (
				C93A018E2C05F9AB00FDBC65 /* ThreadsCloneTests.swift in Sources */,
			);
			runOnlyForDeploymentPostprocessing = 0;
		};
		C93A018F2C05F9AB00FDBC65 /* Sources */ = {
			isa = PBXSourcesBuildPhase;
			buildActionMask = 2147483647;
			files = (
				C93A019A2C05F9AB00FDBC65 /* ThreadsCloneUITestsLaunchTests.swift in Sources */,
				C93A01982C05F9AB00FDBC65 /* ThreadsCloneUITests.swift in Sources */,
			);
			runOnlyForDeploymentPostprocessing = 0;
		};
/* End PBXSourcesBuildPhase section */

/* Begin PBXTargetDependency section */
		C93A018B2C05F9AB00FDBC65 /* PBXTargetDependency */ = {
			isa = PBXTargetDependency;
			target = C93A01782C05F9A900FDBC65 /* ThreadsClone */;
			targetProxy = C93A018A2C05F9AB00FDBC65 /* PBXContainerItemProxy */;
		};
		C93A01952C05F9AB00FDBC65 /* PBXTargetDependency */ = {
			isa = PBXTargetDependency;
			target = C93A01782C05F9A900FDBC65 /* ThreadsClone */;
			targetProxy = C93A01942C05F9AB00FDBC65 /* PBXContainerItemProxy */;
		};
/* End PBXTargetDependency section */

/* Begin XCBuildConfiguration section */
		C93A019B2C05F9AB00FDBC65 /* Debug */ = {
			isa = XCBuildConfiguration;
			buildSettings = {
				ALWAYS_SEARCH_USER_PATHS = NO;
				ASSETCATALOG_COMPILER_GENERATE_SWIFT_ASSET_SYMBOL_EXTENSIONS = YES;
				CLANG_ANALYZER_NONNULL = YES;
				CLANG_ANALYZER_NUMBER_OBJECT_CONVERSION = YES_AGGRESSIVE;
				CLANG_CXX_LANGUAGE_STANDARD = "gnu++20";
				CLANG_ENABLE_MODULES = YES;
				CLANG_ENABLE_OBJC_ARC = YES;
				CLANG_ENABLE_OBJC_WEAK = YES;
				CLANG_WARN_BLOCK_CAPTURE_AUTORELEASING = YES;
				CLANG_WARN_BOOL_CONVERSION = YES;
				CLANG_WARN_COMMA = YES;
				CLANG_WARN_CONSTANT_CONVERSION = YES;
				CLANG_WARN_DEPRECATED_OBJC_IMPLEMENTATIONS = YES;
				CLANG_WARN_DIRECT_OBJC_ISA_USAGE = YES_ERROR;
				CLANG_WARN_DOCUMENTATION_COMMENTS = YES;
				CLANG_WARN_EMPTY_BODY = YES;
				CLANG_WARN_ENUM_CONVERSION = YES;
				CLANG_WARN_INFINITE_RECURSION = YES;
				CLANG_WARN_INT_CONVERSION = YES;
				CLANG_WARN_NON_LITERAL_NULL_CONVERSION = YES;
				CLANG_WARN_OBJC_IMPLICIT_RETAIN_SELF = YES;
				CLANG_WARN_OBJC_LITERAL_CONVERSION = YES;
				CLANG_WARN_OBJC_ROOT_CLASS = YES_ERROR;
				CLANG_WARN_QUOTED_INCLUDE_IN_FRAMEWORK_HEADER = YES;
				CLANG_WARN_RANGE_LOOP_ANALYSIS = YES;
				CLANG_WARN_STRICT_PROTOTYPES = YES;
				CLANG_WARN_SUSPICIOUS_MOVE = YES;
				CLANG_WARN_UNGUARDED_AVAILABILITY = YES_AGGRESSIVE;
				CLANG_WARN_UNREACHABLE_CODE = YES;
				CLANG_WARN__DUPLICATE_METHOD_MATCH = YES;
				COPY_PHASE_STRIP = NO;
				DEBUG_INFORMATION_FORMAT = dwarf;
				ENABLE_STRICT_OBJC_MSGSEND = YES;
				ENABLE_TESTABILITY = YES;
				ENABLE_USER_SCRIPT_SANDBOXING = YES;
				GCC_C_LANGUAGE_STANDARD = gnu17;
				GCC_DYNAMIC_NO_PIC = NO;
				GCC_NO_COMMON_BLOCKS = YES;
				GCC_OPTIMIZATION_LEVEL = 0;
				GCC_PREPROCESSOR_DEFINITIONS = (
					"DEBUG=1",
					"$(inherited)",
				);
				GCC_WARN_64_TO_32_BIT_CONVERSION = YES;
				GCC_WARN_ABOUT_RETURN_TYPE = YES_ERROR;
				GCC_WARN_UNDECLARED_SELECTOR = YES;
				GCC_WARN_UNINITIALIZED_AUTOS = YES_AGGRESSIVE;
				GCC_WARN_UNUSED_FUNCTION = YES;
				GCC_WARN_UNUSED_VARIABLE = YES;
				IPHONEOS_DEPLOYMENT_TARGET = 17.4;
				LOCALIZATION_PREFERS_STRING_CATALOGS = YES;
				MTL_ENABLE_DEBUG_INFO = INCLUDE_SOURCE;
				MTL_FAST_MATH = YES;
				ONLY_ACTIVE_ARCH = YES;
				SDKROOT = iphoneos;
				SWIFT_ACTIVE_COMPILATION_CONDITIONS = "DEBUG $(inherited)";
				SWIFT_OPTIMIZATION_LEVEL = "-Onone";
			};
			name = Debug;
		};
		C93A019C2C05F9AB00FDBC65 /* Release */ = {
			isa = XCBuildConfiguration;
			buildSettings = {
				ALWAYS_SEARCH_USER_PATHS = NO;
				ASSETCATALOG_COMPILER_GENERATE_SWIFT_ASSET_SYMBOL_EXTENSIONS = YES;
				CLANG_ANALYZER_NONNULL = YES;
				CLANG_ANALYZER_NUMBER_OBJECT_CONVERSION = YES_AGGRESSIVE;
				CLANG_CXX_LANGUAGE_STANDARD = "gnu++20";
				CLANG_ENABLE_MODULES = YES;
				CLANG_ENABLE_OBJC_ARC = YES;
				CLANG_ENABLE_OBJC_WEAK = YES;
				CLANG_WARN_BLOCK_CAPTURE_AUTORELEASING = YES;
				CLANG_WARN_BOOL_CONVERSION = YES;
				CLANG_WARN_COMMA = YES;
				CLANG_WARN_CONSTANT_CONVERSION = YES;
				CLANG_WARN_DEPRECATED_OBJC_IMPLEMENTATIONS = YES;
				CLANG_WARN_DIRECT_OBJC_ISA_USAGE = YES_ERROR;
				CLANG_WARN_DOCUMENTATION_COMMENTS = YES;
				CLANG_WARN_EMPTY_BODY = YES;
				CLANG_WARN_ENUM_CONVERSION = YES;
				CLANG_WARN_INFINITE_RECURSION = YES;
				CLANG_WARN_INT_CONVERSION = YES;
				CLANG_WARN_NON_LITERAL_NULL_CONVERSION = YES;
				CLANG_WARN_OBJC_IMPLICIT_RETAIN_SELF = YES;
				CLANG_WARN_OBJC_LITERAL_CONVERSION = YES;
				CLANG_WARN_OBJC_ROOT_CLASS = YES_ERROR;
				CLANG_WARN_QUOTED_INCLUDE_IN_FRAMEWORK_HEADER = YES;
				CLANG_WARN_RANGE_LOOP_ANALYSIS = YES;
				CLANG_WARN_STRICT_PROTOTYPES = YES;
				CLANG_WARN_SUSPICIOUS_MOVE = YES;
				CLANG_WARN_UNGUARDED_AVAILABILITY = YES_AGGRESSIVE;
				CLANG_WARN_UNREACHABLE_CODE = YES;
				CLANG_WARN__DUPLICATE_METHOD_MATCH = YES;
				COPY_PHASE_STRIP = NO;
				DEBUG_INFORMATION_FORMAT = "dwarf-with-dsym";
				ENABLE_NS_ASSERTIONS = NO;
				ENABLE_STRICT_OBJC_MSGSEND = YES;
				ENABLE_USER_SCRIPT_SANDBOXING = YES;
				GCC_C_LANGUAGE_STANDARD = gnu17;
				GCC_NO_COMMON_BLOCKS = YES;
				GCC_WARN_64_TO_32_BIT_CONVERSION = YES;
				GCC_WARN_ABOUT_RETURN_TYPE = YES_ERROR;
				GCC_WARN_UNDECLARED_SELECTOR = YES;
				GCC_WARN_UNINITIALIZED_AUTOS = YES_AGGRESSIVE;
				GCC_WARN_UNUSED_FUNCTION = YES;
				GCC_WARN_UNUSED_VARIABLE = YES;
				IPHONEOS_DEPLOYMENT_TARGET = 17.4;
				LOCALIZATION_PREFERS_STRING_CATALOGS = YES;
				MTL_ENABLE_DEBUG_INFO = NO;
				MTL_FAST_MATH = YES;
				SDKROOT = iphoneos;
				SWIFT_COMPILATION_MODE = wholemodule;
				VALIDATE_PRODUCT = YES;
			};
			name = Release;
		};
		C93A019E2C05F9AB00FDBC65 /* Debug */ = {
			isa = XCBuildConfiguration;
			buildSettings = {
				ASSETCATALOG_COMPILER_APPICON_NAME = AppIcon;
				ASSETCATALOG_COMPILER_GLOBAL_ACCENT_COLOR_NAME = AccentColor;
				CODE_SIGN_STYLE = Automatic;
				CURRENT_PROJECT_VERSION = 1;
				DEVELOPMENT_ASSET_PATHS = "\"ThreadsClone/Preview Content\"";
				DEVELOPMENT_TEAM = 962K8CY5A5;
				ENABLE_PREVIEWS = YES;
				GENERATE_INFOPLIST_FILE = YES;
				INFOPLIST_KEY_UIApplicationSceneManifest_Generation = YES;
				INFOPLIST_KEY_UIApplicationSupportsIndirectInputEvents = YES;
				INFOPLIST_KEY_UILaunchScreen_Generation = YES;
				INFOPLIST_KEY_UISupportedInterfaceOrientations_iPad = "UIInterfaceOrientationPortrait UIInterfaceOrientationPortraitUpsideDown UIInterfaceOrientationLandscapeLeft UIInterfaceOrientationLandscapeRight";
				INFOPLIST_KEY_UISupportedInterfaceOrientations_iPhone = "UIInterfaceOrientationPortrait UIInterfaceOrientationLandscapeLeft UIInterfaceOrientationLandscapeRight";
				LD_RUNPATH_SEARCH_PATHS = (
					"$(inherited)",
					"@executable_path/Frameworks",
				);
				MARKETING_VERSION = 1.0;
				PRODUCT_BUNDLE_IDENTIFIER = agusdarmawn.ThreadsClone;
				PRODUCT_NAME = "$(TARGET_NAME)";
				SWIFT_EMIT_LOC_STRINGS = YES;
				SWIFT_VERSION = 5.0;
				TARGETED_DEVICE_FAMILY = "1,2";
			};
			name = Debug;
		};
		C93A019F2C05F9AB00FDBC65 /* Release */ = {
			isa = XCBuildConfiguration;
			buildSettings = {
				ASSETCATALOG_COMPILER_APPICON_NAME = AppIcon;
				ASSETCATALOG_COMPILER_GLOBAL_ACCENT_COLOR_NAME = AccentColor;
				CODE_SIGN_STYLE = Automatic;
				CURRENT_PROJECT_VERSION = 1;
				DEVELOPMENT_ASSET_PATHS = "\"ThreadsClone/Preview Content\"";
				DEVELOPMENT_TEAM = 962K8CY5A5;
				ENABLE_PREVIEWS = YES;
				GENERATE_INFOPLIST_FILE = YES;
				INFOPLIST_KEY_UIApplicationSceneManifest_Generation = YES;
				INFOPLIST_KEY_UIApplicationSupportsIndirectInputEvents = YES;
				INFOPLIST_KEY_UILaunchScreen_Generation = YES;
				INFOPLIST_KEY_UISupportedInterfaceOrientations_iPad = "UIInterfaceOrientationPortrait UIInterfaceOrientationPortraitUpsideDown UIInterfaceOrientationLandscapeLeft UIInterfaceOrientationLandscapeRight";
				INFOPLIST_KEY_UISupportedInterfaceOrientations_iPhone = "UIInterfaceOrientationPortrait UIInterfaceOrientationLandscapeLeft UIInterfaceOrientationLandscapeRight";
				LD_RUNPATH_SEARCH_PATHS = (
					"$(inherited)",
					"@executable_path/Frameworks",
				);
				MARKETING_VERSION = 1.0;
				PRODUCT_BUNDLE_IDENTIFIER = agusdarmawn.ThreadsClone;
				PRODUCT_NAME = "$(TARGET_NAME)";
				SWIFT_EMIT_LOC_STRINGS = YES;
				SWIFT_VERSION = 5.0;
				TARGETED_DEVICE_FAMILY = "1,2";
			};
			name = Release;
		};
		C93A01A12C05F9AB00FDBC65 /* Debug */ = {
			isa = XCBuildConfiguration;
			buildSettings = {
				ALWAYS_EMBED_SWIFT_STANDARD_LIBRARIES = YES;
				BUNDLE_LOADER = "$(TEST_HOST)";
				CODE_SIGN_STYLE = Automatic;
				CURRENT_PROJECT_VERSION = 1;
				DEVELOPMENT_TEAM = 962K8CY5A5;
				GENERATE_INFOPLIST_FILE = YES;
				IPHONEOS_DEPLOYMENT_TARGET = 17.4;
				MARKETING_VERSION = 1.0;
				PRODUCT_BUNDLE_IDENTIFIER = agusdarmawn.ThreadsCloneTests;
				PRODUCT_NAME = "$(TARGET_NAME)";
				SWIFT_EMIT_LOC_STRINGS = NO;
				SWIFT_VERSION = 5.0;
				TARGETED_DEVICE_FAMILY = "1,2";
				TEST_HOST = "$(BUILT_PRODUCTS_DIR)/ThreadsClone.app/$(BUNDLE_EXECUTABLE_FOLDER_PATH)/ThreadsClone";
			};
			name = Debug;
		};
		C93A01A22C05F9AB00FDBC65 /* Release */ = {
			isa = XCBuildConfiguration;
			buildSettings = {
				ALWAYS_EMBED_SWIFT_STANDARD_LIBRARIES = YES;
				BUNDLE_LOADER = "$(TEST_HOST)";
				CODE_SIGN_STYLE = Automatic;
				CURRENT_PROJECT_VERSION = 1;
				DEVELOPMENT_TEAM = 962K8CY5A5;
				GENERATE_INFOPLIST_FILE = YES;
				IPHONEOS_DEPLOYMENT_TARGET = 17.4;
				MARKETING_VERSION = 1.0;
				PRODUCT_BUNDLE_IDENTIFIER = agusdarmawn.ThreadsCloneTests;
				PRODUCT_NAME = "$(TARGET_NAME)";
				SWIFT_EMIT_LOC_STRINGS = NO;
				SWIFT_VERSION = 5.0;
				TARGETED_DEVICE_FAMILY = "1,2";
				TEST_HOST = "$(BUILT_PRODUCTS_DIR)/ThreadsClone.app/$(BUNDLE_EXECUTABLE_FOLDER_PATH)/ThreadsClone";
			};
			name = Release;
		};
		C93A01A42C05F9AB00FDBC65 /* Debug */ = {
			isa = XCBuildConfiguration;
			buildSettings = {
				ALWAYS_EMBED_SWIFT_STANDARD_LIBRARIES = YES;
				CODE_SIGN_STYLE = Automatic;
				CURRENT_PROJECT_VERSION = 1;
				DEVELOPMENT_TEAM = 962K8CY5A5;
				GENERATE_INFOPLIST_FILE = YES;
				MARKETING_VERSION = 1.0;
				PRODUCT_BUNDLE_IDENTIFIER = agusdarmawn.ThreadsCloneUITests;
				PRODUCT_NAME = "$(TARGET_NAME)";
				SWIFT_EMIT_LOC_STRINGS = NO;
				SWIFT_VERSION = 5.0;
				TARGETED_DEVICE_FAMILY = "1,2";
				TEST_TARGET_NAME = ThreadsClone;
			};
			name = Debug;
		};
		C93A01A52C05F9AB00FDBC65 /* Release */ = {
			isa = XCBuildConfiguration;
			buildSettings = {
				ALWAYS_EMBED_SWIFT_STANDARD_LIBRARIES = YES;
				CODE_SIGN_STYLE = Automatic;
				CURRENT_PROJECT_VERSION = 1;
				DEVELOPMENT_TEAM = 962K8CY5A5;
				GENERATE_INFOPLIST_FILE = YES;
				MARKETING_VERSION = 1.0;
				PRODUCT_BUNDLE_IDENTIFIER = agusdarmawn.ThreadsCloneUITests;
				PRODUCT_NAME = "$(TARGET_NAME)";
				SWIFT_EMIT_LOC_STRINGS = NO;
				SWIFT_VERSION = 5.0;
				TARGETED_DEVICE_FAMILY = "1,2";
				TEST_TARGET_NAME = ThreadsClone;
			};
			name = Release;
		};
/* End XCBuildConfiguration section */

/* Begin XCConfigurationList section */
		C93A01742C05F9A900FDBC65 /* Build configuration list for PBXProject "ThreadsClone" */ = {
			isa = XCConfigurationList;
			buildConfigurations = (
				C93A019B2C05F9AB00FDBC65 /* Debug */,
				C93A019C2C05F9AB00FDBC65 /* Release */,
			);
			defaultConfigurationIsVisible = 0;
			defaultConfigurationName = Release;
		};
		C93A019D2C05F9AB00FDBC65 /* Build configuration list for PBXNativeTarget "ThreadsClone" */ = {
			isa = XCConfigurationList;
			buildConfigurations = (
				C93A019E2C05F9AB00FDBC65 /* Debug */,
				C93A019F2C05F9AB00FDBC65 /* Release */,
			);
			defaultConfigurationIsVisible = 0;
			defaultConfigurationName = Release;
		};
		C93A01A02C05F9AB00FDBC65 /* Build configuration list for PBXNativeTarget "ThreadsCloneTests" */ = {
			isa = XCConfigurationList;
			buildConfigurations = (
				C93A01A12C05F9AB00FDBC65 /* Debug */,
				C93A01A22C05F9AB00FDBC65 /* Release */,
			);
			defaultConfigurationIsVisible = 0;
			defaultConfigurationName = Release;
		};
		C93A01A32C05F9AB00FDBC65 /* Build configuration list for PBXNativeTarget "ThreadsCloneUITests" */ = {
			isa = XCConfigurationList;
			buildConfigurations = (
				C93A01A42C05F9AB00FDBC65 /* Debug */,
				C93A01A52C05F9AB00FDBC65 /* Release */,
			);
			defaultConfigurationIsVisible = 0;
			defaultConfigurationName = Release;
		};
/* End XCConfigurationList section */

/* Begin XCRemoteSwiftPackageReference section */
		C9107C402C0A9A1600088616 /* XCRemoteSwiftPackageReference "firebase-ios-sdk" */ = {
			isa = XCRemoteSwiftPackageReference;
			repositoryURL = "https://github.com/firebase/firebase-ios-sdk";
			requirement = {
				kind = upToNextMajorVersion;
				minimumVersion = 10.27.0;
			};
		};
/* End XCRemoteSwiftPackageReference section */

/* Begin XCSwiftPackageProductDependency section */
		C9107C412C0A9A1600088616 /* FirebaseAuth */ = {
			isa = XCSwiftPackageProductDependency;
			package = C9107C402C0A9A1600088616 /* XCRemoteSwiftPackageReference "firebase-ios-sdk" */;
			productName = FirebaseAuth;
		};
		C9107C432C0A9A1600088616 /* FirebaseFirestore */ = {
			isa = XCSwiftPackageProductDependency;
			package = C9107C402C0A9A1600088616 /* XCRemoteSwiftPackageReference "firebase-ios-sdk" */;
			productName = FirebaseFirestore;
		};
		C9107C452C0A9A1600088616 /* FirebaseFirestoreSwift */ = {
			isa = XCSwiftPackageProductDependency;
			package = C9107C402C0A9A1600088616 /* XCRemoteSwiftPackageReference "firebase-ios-sdk" */;
			productName = FirebaseFirestoreSwift;
		};
		C9107C472C0A9A1600088616 /* FirebaseStorage */ = {
			isa = XCSwiftPackageProductDependency;
			package = C9107C402C0A9A1600088616 /* XCRemoteSwiftPackageReference "firebase-ios-sdk" */;
			productName = FirebaseStorage;
		};
/* End XCSwiftPackageProductDependency section */
	};
	rootObject = C93A01712C05F9A900FDBC65 /* Project object */;
}
